// !$*UTF8*$!
{
	archiveVersion = 1;
	classes = {
	};
	objectVersion = 50;
	objects = {

/* Begin PBXBuildFile section */
		245284CA24E52C7900C135C2 /* AppDelegate.swift in Sources */ = {isa = PBXBuildFile; fileRef = 245284C924E52C7900C135C2 /* AppDelegate.swift */; };
		245284CC24E52C7900C135C2 /* SceneDelegate.swift in Sources */ = {isa = PBXBuildFile; fileRef = 245284CB24E52C7900C135C2 /* SceneDelegate.swift */; };
		245284CE24E52C7900C135C2 /* ViewController.swift in Sources */ = {isa = PBXBuildFile; fileRef = 245284CD24E52C7900C135C2 /* ViewController.swift */; };
		245284D124E52C7900C135C2 /* Main.storyboard in Resources */ = {isa = PBXBuildFile; fileRef = 245284CF24E52C7900C135C2 /* Main.storyboard */; };
		245284D324E52C7C00C135C2 /* Assets.xcassets in Resources */ = {isa = PBXBuildFile; fileRef = 245284D224E52C7C00C135C2 /* Assets.xcassets */; };
		245284D624E52C7C00C135C2 /* LaunchScreen.storyboard in Resources */ = {isa = PBXBuildFile; fileRef = 245284D424E52C7C00C135C2 /* LaunchScreen.storyboard */; };
		245284DF24E52FFF00C135C2 /* README.md in Resources */ = {isa = PBXBuildFile; fileRef = 245284DE24E52FFF00C135C2 /* README.md */; };
		245284E124E5305300C135C2 /* Banner.png in Resources */ = {isa = PBXBuildFile; fileRef = 245284E024E5305300C135C2 /* Banner.png */; };
		245284E524E53E1800C135C2 /* audio.mp3 in Resources */ = {isa = PBXBuildFile; fileRef = 245284E424E53E1800C135C2 /* audio.mp3 */; };
/* End PBXBuildFile section */

/* Begin PBXFileReference section */
		245284C624E52C7900C135C2 /* HowYouDoin.app */ = {isa = PBXFileReference; explicitFileType = wrapper.application; includeInIndex = 0; path = HowYouDoin.app; sourceTree = BUILT_PRODUCTS_DIR; };
		245284C924E52C7900C135C2 /* AppDelegate.swift */ = {isa = PBXFileReference; lastKnownFileType = sourcecode.swift; path = AppDelegate.swift; sourceTree = "<group>"; };
		245284CB24E52C7900C135C2 /* SceneDelegate.swift */ = {isa = PBXFileReference; lastKnownFileType = sourcecode.swift; path = SceneDelegate.swift; sourceTree = "<group>"; };
		245284CD24E52C7900C135C2 /* ViewController.swift */ = {isa = PBXFileReference; lastKnownFileType = sourcecode.swift; path = ViewController.swift; sourceTree = "<group>"; };
		245284D024E52C7900C135C2 /* Base */ = {isa = PBXFileReference; lastKnownFileType = file.storyboard; name = Base; path = Base.lproj/Main.storyboard; sourceTree = "<group>"; };
		245284D224E52C7C00C135C2 /* Assets.xcassets */ = {isa = PBXFileReference; lastKnownFileType = folder.assetcatalog; path = Assets.xcassets; sourceTree = "<group>"; };
		245284D524E52C7C00C135C2 /* Base */ = {isa = PBXFileReference; lastKnownFileType = file.storyboard; name = Base; path = Base.lproj/LaunchScreen.storyboard; sourceTree = "<group>"; };
		245284D724E52C7C00C135C2 /* Info.plist */ = {isa = PBXFileReference; lastKnownFileType = text.plist.xml; path = Info.plist; sourceTree = "<group>"; };
		245284DE24E52FFF00C135C2 /* README.md */ = {isa = PBXFileReference; lastKnownFileType = net.daringfireball.markdown; path = README.md; sourceTree = "<group>"; };
		245284E024E5305300C135C2 /* Banner.png */ = {isa = PBXFileReference; lastKnownFileType = image.png; path = Banner.png; sourceTree = "<group>"; };
		245284E424E53E1800C135C2 /* audio.mp3 */ = {isa = PBXFileReference; lastKnownFileType = audio.mp3; path = audio.mp3; sourceTree = "<group>"; };
/* End PBXFileReference section */

/* Begin PBXFrameworksBuildPhase section */
		245284C324E52C7900C135C2 /* Frameworks */ = {
			isa = PBXFrameworksBuildPhase;
			buildActionMask = 2147483647;
			files = (
			);
			runOnlyForDeploymentPostprocessing = 0;
		};
/* End PBXFrameworksBuildPhase section */

/* Begin PBXGroup section */
		245284BD24E52C7900C135C2 = {
			isa = PBXGroup;
			children = (
				245284DE24E52FFF00C135C2 /* README.md */,
				245284DD24E52FD000C135C2 /* Documentation */,
				245284C824E52C7900C135C2 /* HowYouDoin */,
				245284C724E52C7900C135C2 /* Products */,
			);
			sourceTree = "<group>";
		};
		245284C724E52C7900C135C2 /* Products */ = {
			isa = PBXGroup;
			children = (
				245284C624E52C7900C135C2 /* HowYouDoin.app */,
			);
			name = Products;
			sourceTree = "<group>";
		};
		245284C824E52C7900C135C2 /* HowYouDoin */ = {
			isa = PBXGroup;
			children = (
				245284C924E52C7900C135C2 /* AppDelegate.swift */,
				245284CB24E52C7900C135C2 /* SceneDelegate.swift */,
				245284E424E53E1800C135C2 /* audio.mp3 */,
				245284CD24E52C7900C135C2 /* ViewController.swift */,
				245284CF24E52C7900C135C2 /* Main.storyboard */,
				245284D224E52C7C00C135C2 /* Assets.xcassets */,
				245284D424E52C7C00C135C2 /* LaunchScreen.storyboard */,
				245284D724E52C7C00C135C2 /* Info.plist */,
			);
			path = HowYouDoin;
			sourceTree = "<group>";
		};
		245284DD24E52FD000C135C2 /* Documentation */ = {
			isa = PBXGroup;
			children = (
				245284E024E5305300C135C2 /* Banner.png */,
			);
			path = Documentation;
			sourceTree = "<group>";
		};
/* End PBXGroup section */

/* Begin PBXNativeTarget section */
		245284C524E52C7900C135C2 /* HowYouDoin */ = {
			isa = PBXNativeTarget;
			buildConfigurationList = 245284DA24E52C7C00C135C2 /* Build configuration list for PBXNativeTarget "HowYouDoin" */;
			buildPhases = (
				245284C224E52C7900C135C2 /* Sources */,
				245284C324E52C7900C135C2 /* Frameworks */,
				245284C424E52C7900C135C2 /* Resources */,
			);
			buildRules = (
			);
			dependencies = (
			);
			name = HowYouDoin;
			productName = HowYouDoin;
			productReference = 245284C624E52C7900C135C2 /* HowYouDoin.app */;
			productType = "com.apple.product-type.application";
		};
/* End PBXNativeTarget section */

/* Begin PBXProject section */
		245284BE24E52C7900C135C2 /* Project object */ = {
			isa = PBXProject;
			attributes = {
				LastSwiftUpdateCheck = 1160;
				LastUpgradeCheck = 1160;
				ORGANIZATIONNAME = "Sergey Fedyaev";
				TargetAttributes = {
					245284C524E52C7900C135C2 = {
						CreatedOnToolsVersion = 11.6;
					};
				};
			};
			buildConfigurationList = 245284C124E52C7900C135C2 /* Build configuration list for PBXProject "HowYouDoin" */;
			compatibilityVersion = "Xcode 9.3";
			developmentRegion = en;
			hasScannedForEncodings = 0;
			knownRegions = (
				en,
				Base,
			);
			mainGroup = 245284BD24E52C7900C135C2;
			productRefGroup = 245284C724E52C7900C135C2 /* Products */;
			projectDirPath = "";
			projectRoot = "";
			targets = (
				245284C524E52C7900C135C2 /* HowYouDoin */,
			);
		};
/* End PBXProject section */

/* Begin PBXResourcesBuildPhase section */
		245284C424E52C7900C135C2 /* Resources */ = {
			isa = PBXResourcesBuildPhase;
			buildActionMask = 2147483647;
			files = (
				245284D624E52C7C00C135C2 /* LaunchScreen.storyboard in Resources */,
				245284D324E52C7C00C135C2 /* Assets.xcassets in Resources */,
				245284E124E5305300C135C2 /* Banner.png in Resources */,
				245284DF24E52FFF00C135C2 /* README.md in Resources */,
				245284D124E52C7900C135C2 /* Main.storyboard in Resources */,
				245284E524E53E1800C135C2 /* audio.mp3 in Resources */,
			);
			runOnlyForDeploymentPostprocessing = 0;
		};
/* End PBXResourcesBuildPhase section */

/* Begin PBXSourcesBuildPhase section */
		245284C224E52C7900C135C2 /* Sources */ = {
			isa = PBXSourcesBuildPhase;
			buildActionMask = 2147483647;
			files = (
				245284CE24E52C7900C135C2 /* ViewController.swift in Sources */,
				245284CA24E52C7900C135C2 /* AppDelegate.swift in Sources */,
				245284CC24E52C7900C135C2 /* SceneDelegate.swift in Sources */,
			);
			runOnlyForDeploymentPostprocessing = 0;
		};
/* End PBXSourcesBuildPhase section */

/* Begin PBXVariantGroup section */
		245284CF24E52C7900C135C2 /* Main.storyboard */ = {
			isa = PBXVariantGroup;
			children = (
				245284D024E52C7900C135C2 /* Base */,
			);
			name = Main.storyboard;
			sourceTree = "<group>";
		};
		245284D424E52C7C00C135C2 /* LaunchScreen.storyboard */ = {
			isa = PBXVariantGroup;
			children = (
				245284D524E52C7C00C135C2 /* Base */,
			);
			name = LaunchScreen.storyboard;
			sourceTree = "<group>";
		};
/* End PBXVariantGroup section */

/* Begin XCBuildConfiguration section */
		245284D824E52C7C00C135C2 /* Debug */ = {
			isa = XCBuildConfiguration;
			buildSettings = {
				ALWAYS_SEARCH_USER_PATHS = NO;
				CLANG_ANALYZER_NONNULL = YES;
				CLANG_ANALYZER_NUMBER_OBJECT_CONVERSION = YES_AGGRESSIVE;
				CLANG_CXX_LANGUAGE_STANDARD = "gnu++14";
				CLANG_CXX_LIBRARY = "libc++";
				CLANG_ENABLE_MODULES = YES;
				CLANG_ENABLE_OBJC_ARC = YES;
				CLANG_ENABLE_OBJC_WEAK = YES;
				CLANG_WARN_BLOCK_CAPTURE_AUTORELEASING = YES;
				CLANG_WARN_BOOL_CONVERSION = YES;
				CLANG_WARN_COMMA = YES;
				CLANG_WARN_CONSTANT_CONVERSION = YES;
				CLANG_WARN_DEPRECATED_OBJC_IMPLEMENTATIONS = YES;
				CLANG_WARN_DIRECT_OBJC_ISA_USAGE = YES_ERROR;
				CLANG_WARN_DOCUMENTATION_COMMENTS = YES;
				CLANG_WARN_EMPTY_BODY = YES;
				CLANG_WARN_ENUM_CONVERSION = YES;
				CLANG_WARN_INFINITE_RECURSION = YES;
				CLANG_WARN_INT_CONVERSION = YES;
				CLANG_WARN_NON_LITERAL_NULL_CONVERSION = YES;
				CLANG_WARN_OBJC_IMPLICIT_RETAIN_SELF = YES;
				CLANG_WARN_OBJC_LITERAL_CONVERSION = YES;
				CLANG_WARN_OBJC_ROOT_CLASS = YES_ERROR;
				CLANG_WARN_RANGE_LOOP_ANALYSIS = YES;
				CLANG_WARN_STRICT_PROTOTYPES = YES;
				CLANG_WARN_SUSPICIOUS_MOVE = YES;
				CLANG_WARN_UNGUARDED_AVAILABILITY = YES_AGGRESSIVE;
				CLANG_WARN_UNREACHABLE_CODE = YES;
				CLANG_WARN__DUPLICATE_METHOD_MATCH = YES;
				COPY_PHASE_STRIP = NO;
				DEBUG_INFORMATION_FORMAT = dwarf;
				ENABLE_STRICT_OBJC_MSGSEND = YES;
				ENABLE_TESTABILITY = YES;
				GCC_C_LANGUAGE_STANDARD = gnu11;
				GCC_DYNAMIC_NO_PIC = NO;
				GCC_NO_COMMON_BLOCKS = YES;
				GCC_OPTIMIZATION_LEVEL = 0;
				GCC_PREPROCESSOR_DEFINITIONS = (
					"DEBUG=1",
					"$(inherited)",
				);
				GCC_WARN_64_TO_32_BIT_CONVERSION = YES;
				GCC_WARN_ABOUT_RETURN_TYPE = YES_ERROR;
				GCC_WARN_UNDECLARED_SELECTOR = YES;
				GCC_WARN_UNINITIALIZED_AUTOS = YES_AGGRESSIVE;
				GCC_WARN_UNUSED_FUNCTION = YES;
				GCC_WARN_UNUSED_VARIABLE = YES;
				IPHONEOS_DEPLOYMENT_TARGET = 13.6;
				MTL_ENABLE_DEBUG_INFO = INCLUDE_SOURCE;
				MTL_FAST_MATH = YES;
				ONLY_ACTIVE_ARCH = YES;
				SDKROOT = iphoneos;
				SWIFT_ACTIVE_COMPILATION_CONDITIONS = DEBUG;
				SWIFT_OPTIMIZATION_LEVEL = "-Onone";
			};
			name = Debug;
		};
		245284D924E52C7C00C135C2 /* Release */ = {
			isa = XCBuildConfiguration;
			buildSettings = {
				ALWAYS_SEARCH_USER_PATHS = NO;
				CLANG_ANALYZER_NONNULL = YES;
				CLANG_ANALYZER_NUMBER_OBJECT_CONVERSION = YES_AGGRESSIVE;
				CLANG_CXX_LANGUAGE_STANDARD = "gnu++14";
				CLANG_CXX_LIBRARY = "libc++";
				CLANG_ENABLE_MODULES = YES;
				CLANG_ENABLE_OBJC_ARC = YES;
				CLANG_ENABLE_OBJC_WEAK = YES;
				CLANG_WARN_BLOCK_CAPTURE_AUTORELEASING = YES;
				CLANG_WARN_BOOL_CONVERSION = YES;
				CLANG_WARN_COMMA = YES;
				CLANG_WARN_CONSTANT_CONVERSION = YES;
				CLANG_WARN_DEPRECATED_OBJC_IMPLEMENTATIONS = YES;
				CLANG_WARN_DIRECT_OBJC_ISA_USAGE = YES_ERROR;
				CLANG_WARN_DOCUMENTATION_COMMENTS = YES;
				CLANG_WARN_EMPTY_BODY = YES;
				CLANG_WARN_ENUM_CONVERSION = YES;
				CLANG_WARN_INFINITE_RECURSION = YES;
				CLANG_WARN_INT_CONVERSION = YES;
				CLANG_WARN_NON_LITERAL_NULL_CONVERSION = YES;
				CLANG_WARN_OBJC_IMPLICIT_RETAIN_SELF = YES;
				CLANG_WARN_OBJC_LITERAL_CONVERSION = YES;
				CLANG_WARN_OBJC_ROOT_CLASS = YES_ERROR;
				CLANG_WARN_RANGE_LOOP_ANALYSIS = YES;
				CLANG_WARN_STRICT_PROTOTYPES = YES;
				CLANG_WARN_SUSPICIOUS_MOVE = YES;
				CLANG_WARN_UNGUARDED_AVAILABILITY = YES_AGGRESSIVE;
				CLANG_WARN_UNREACHABLE_CODE = YES;
				CLANG_WARN__DUPLICATE_METHOD_MATCH = YES;
				COPY_PHASE_STRIP = NO;
				DEBUG_INFORMATION_FORMAT = "dwarf-with-dsym";
				ENABLE_NS_ASSERTIONS = NO;
				ENABLE_STRICT_OBJC_MSGSEND = YES;
				GCC_C_LANGUAGE_STANDARD = gnu11;
				GCC_NO_COMMON_BLOCKS = YES;
				GCC_WARN_64_TO_32_BIT_CONVERSION = YES;
				GCC_WARN_ABOUT_RETURN_TYPE = YES_ERROR;
				GCC_WARN_UNDECLARED_SELECTOR = YES;
				GCC_WARN_UNINITIALIZED_AUTOS = YES_AGGRESSIVE;
				GCC_WARN_UNUSED_FUNCTION = YES;
				GCC_WARN_UNUSED_VARIABLE = YES;
				IPHONEOS_DEPLOYMENT_TARGET = 13.6;
				MTL_ENABLE_DEBUG_INFO = NO;
				MTL_FAST_MATH = YES;
				SDKROOT = iphoneos;
				SWIFT_COMPILATION_MODE = wholemodule;
				SWIFT_OPTIMIZATION_LEVEL = "-O";
				VALIDATE_PRODUCT = YES;
			};
			name = Release;
		};
		245284DB24E52C7C00C135C2 /* Debug */ = {
			isa = XCBuildConfiguration;
			buildSettings = {
				ASSETCATALOG_COMPILER_APPICON_NAME = AppIcon;
				CODE_SIGN_STYLE = Automatic;
				DEVELOPMENT_TEAM = NHRUJ825R7;
				INFOPLIST_FILE = HowYouDoin/Info.plist;
				LD_RUNPATH_SEARCH_PATHS = (
					"$(inherited)",
					"@executable_path/Frameworks",
				);
				PRODUCT_BUNDLE_IDENTIFIER = com.fedyaevsergey.HowYouDoin;
				PRODUCT_NAME = "$(TARGET_NAME)";
				SWIFT_VERSION = 5.0;
				TARGETED_DEVICE_FAMILY = 1;
			};
			name = Debug;
		};
		245284DC24E52C7C00C135C2 /* Release */ = {
			isa = XCBuildConfiguration;
			buildSettings = {
				ASSETCATALOG_COMPILER_APPICON_NAME = AppIcon;
				CODE_SIGN_STYLE = Automatic;
				DEVELOPMENT_TEAM = NHRUJ825R7;
				INFOPLIST_FILE = HowYouDoin/Info.plist;
				LD_RUNPATH_SEARCH_PATHS = (
					"$(inherited)",
					"@executable_path/Frameworks",
				);
				PRODUCT_BUNDLE_IDENTIFIER = com.fedyaevsergey.HowYouDoin;
				PRODUCT_NAME = "$(TARGET_NAME)";
				SWIFT_VERSION = 5.0;
				TARGETED_DEVICE_FAMILY = 1;
			};
			name = Release;
		};
/* End XCBuildConfiguration section */

/* Begin XCConfigurationList section */
		245284C124E52C7900C135C2 /* Build configuration list for PBXProject "HowYouDoin" */ = {
			isa = XCConfigurationList;
			buildConfigurations = (
				245284D824E52C7C00C135C2 /* Debug */,
				245284D924E52C7C00C135C2 /* Release */,
			);
			defaultConfigurationIsVisible = 0;
			defaultConfigurationName = Release;
		};
		245284DA24E52C7C00C135C2 /* Build configuration list for PBXNativeTarget "HowYouDoin" */ = {
			isa = XCConfigurationList;
			buildConfigurations = (
				245284DB24E52C7C00C135C2 /* Debug */,
				245284DC24E52C7C00C135C2 /* Release */,
			);
			defaultConfigurationIsVisible = 0;
			defaultConfigurationName = Release;
		};
/* End XCConfigurationList section */
	};
	rootObject = 245284BE24E52C7900C135C2 /* Project object */;
}
